// !$*UTF8*$!
{
	archiveVersion = 1;
	classes = {
	};
	objectVersion = 48;
	objects = {

/* Begin PBXBuildFile section */
		0FCDA2A72DB0EBA0C3F633F5 /* Pods_TaxiManager.framework in Frameworks */ = {isa = PBXBuildFile; fileRef = EB9C0688FB86992E2886AE4A /* Pods_TaxiManager.framework */; };
		1117BBF51FA7D1750043146D /* TMHistoricoVerMaisCell.swift in Sources */ = {isa = PBXBuildFile; fileRef = 1117BBF31FA7D1750043146D /* TMHistoricoVerMaisCell.swift */; };
		1117BBF61FA7D1750043146D /* TMHistoricoVerMaisCell.xib in Resources */ = {isa = PBXBuildFile; fileRef = 1117BBF41FA7D1750043146D /* TMHistoricoVerMaisCell.xib */; };
		111C30FF1F8B067500EF37E3 /* TMTelaBuscaViewController.swift in Sources */ = {isa = PBXBuildFile; fileRef = 111C30FE1F8B067500EF37E3 /* TMTelaBuscaViewController.swift */; };
		111FB5E11FBF3A5000578185 /* MBRide.swift in Sources */ = {isa = PBXBuildFile; fileRef = 111FB5E01FBF3A5000578185 /* MBRide.swift */; };
		111FB5E31FBF67C300578185 /* MBSearchResult.swift in Sources */ = {isa = PBXBuildFile; fileRef = 111FB5E21FBF67C300578185 /* MBSearchResult.swift */; };
		112830B11F884E3C000972CB /* AppDelegate.swift in Sources */ = {isa = PBXBuildFile; fileRef = 112830B01F884E3C000972CB /* AppDelegate.swift */; };
		112830B61F884E3C000972CB /* Main.storyboard in Resources */ = {isa = PBXBuildFile; fileRef = 112830B41F884E3C000972CB /* Main.storyboard */; };
		112830BB1F884E3C000972CB /* LaunchScreen.storyboard in Resources */ = {isa = PBXBuildFile; fileRef = 112830B91F884E3C000972CB /* LaunchScreen.storyboard */; };
		113A4EE91FBDFFB5005D01FC /* MBBookmark.swift in Sources */ = {isa = PBXBuildFile; fileRef = 113A4EE81FBDFFB5005D01FC /* MBBookmark.swift */; };
		113A4EEB1FBE01C8005D01FC /* MBPoi.swift in Sources */ = {isa = PBXBuildFile; fileRef = 113A4EEA1FBE01C8005D01FC /* MBPoi.swift */; };
		1156BB481FA7C3D300C2DF4F /* TMHistoricoViewController.swift in Sources */ = {isa = PBXBuildFile; fileRef = 1156BB471FA7C3D300C2DF4F /* TMHistoricoViewController.swift */; };
		1156BB4C1FA7C89100C2DF4F /* TMHistoricoViewCell.swift in Sources */ = {isa = PBXBuildFile; fileRef = 1156BB4A1FA7C89100C2DF4F /* TMHistoricoViewCell.swift */; };
		1156BB4D1FA7C89100C2DF4F /* TMHistoricoViewCell.xib in Resources */ = {isa = PBXBuildFile; fileRef = 1156BB4B1FA7C89100C2DF4F /* TMHistoricoViewCell.xib */; };
		116D1AD51FCDB5B600B0A477 /* GoogleService-Info.plist in Resources */ = {isa = PBXBuildFile; fileRef = 116D1AD41FCDB5B600B0A477 /* GoogleService-Info.plist */; };
		1177FBD61FA9A03000439913 /* TMBuscaEnderecoCell.swift in Sources */ = {isa = PBXBuildFile; fileRef = 1177FBD41FA9A03000439913 /* TMBuscaEnderecoCell.swift */; };
		1177FBD71FA9A03000439913 /* TMBuscaEnderecoCell.xib in Resources */ = {isa = PBXBuildFile; fileRef = 1177FBD51FA9A03000439913 /* TMBuscaEnderecoCell.xib */; };
		1177FBDA1FA9A55C00439913 /* MBFavoritosViewController.swift in Sources */ = {isa = PBXBuildFile; fileRef = 1177FBD91FA9A55C00439913 /* MBFavoritosViewController.swift */; };
		1177FBDC1FA9A8F500439913 /* Assets.xcassets in Resources */ = {isa = PBXBuildFile; fileRef = 1177FBDB1FA9A8F100439913 /* Assets.xcassets */; };
		1177FBDF1FA9A92800439913 /* TMFavoritosCell.swift in Sources */ = {isa = PBXBuildFile; fileRef = 1177FBDD1FA9A92700439913 /* TMFavoritosCell.swift */; };
		1177FBE01FA9A92800439913 /* TMFavoritosCell.xib in Resources */ = {isa = PBXBuildFile; fileRef = 1177FBDE1FA9A92800439913 /* TMFavoritosCell.xib */; };
		117DBAA01FA24FA800A303E6 /* CustomUI.swift in Sources */ = {isa = PBXBuildFile; fileRef = 117DBA9F1FA24FA800A303E6 /* CustomUI.swift */; };
		117E24871F963DF90041DCB6 /* TMResultadoBuscaCell.swift in Sources */ = {isa = PBXBuildFile; fileRef = 117E24851F963DF90041DCB6 /* TMResultadoBuscaCell.swift */; };
		117E24881F963DF90041DCB6 /* TMResultadoBuscaCell.xib in Resources */ = {isa = PBXBuildFile; fileRef = 117E24861F963DF90041DCB6 /* TMResultadoBuscaCell.xib */; };
		118347891FA27C3400DB3C55 /* MBMenuLateralViewController.swift in Sources */ = {isa = PBXBuildFile; fileRef = 118347881FA27C3400DB3C55 /* MBMenuLateralViewController.swift */; };
		119847951FB22F0700560E76 /* MBFavoritosAdicionarViewController.swift in Sources */ = {isa = PBXBuildFile; fileRef = 119847941FB22F0700560E76 /* MBFavoritosAdicionarViewController.swift */; };
		119BCD181F97A366004D92CB /* Alamofire.framework in Frameworks */ = {isa = PBXBuildFile; fileRef = 119BCD191F97A366004D92CB /* Alamofire.framework */; };
		119BCD1A1F97A395004D92CB /* SwiftSpinner.framework in Frameworks */ = {isa = PBXBuildFile; fileRef = 119BCD1B1F97A395004D92CB /* SwiftSpinner.framework */; };
		119BCD1C1F97A3FE004D92CB /* SideMenu.framework in Frameworks */ = {isa = PBXBuildFile; fileRef = 119BCD1D1F97A3FE004D92CB /* SideMenu.framework */; };
		11A552511F993F03006F9AB6 /* MBLoginViewController.swift in Sources */ = {isa = PBXBuildFile; fileRef = 11A552501F993F03006F9AB6 /* MBLoginViewController.swift */; };
		11BB9DC91FC749D600C60E9F /* MBTravel.swift in Sources */ = {isa = PBXBuildFile; fileRef = 11BB9DC81FC749D600C60E9F /* MBTravel.swift */; };
		11D5DBA81FD07D6500330AA9 /* Reachability.m in Sources */ = {isa = PBXBuildFile; fileRef = 11D5DBA71FD07D6500330AA9 /* Reachability.m */; };
		11DB571B1FA112B700A39486 /* Extensions.swift in Sources */ = {isa = PBXBuildFile; fileRef = 11DB571A1FA112B700A39486 /* Extensions.swift */; };
		11E88D1C1FA8D2C100C11196 /* MBBuscaEnderecoViewController.swift in Sources */ = {isa = PBXBuildFile; fileRef = 11E88D1B1FA8D2C100C11196 /* MBBuscaEnderecoViewController.swift */; };
		11E88D1F1FA8E8B200C11196 /* TMCustomTableViewHeaderTableViewCell.swift in Sources */ = {isa = PBXBuildFile; fileRef = 11E88D1D1FA8E8B200C11196 /* TMCustomTableViewHeaderTableViewCell.swift */; };
		11E88D201FA8E8B200C11196 /* TMCustomTableViewHeaderTableViewCell.xib in Resources */ = {isa = PBXBuildFile; fileRef = 11E88D1E1FA8E8B200C11196 /* TMCustomTableViewHeaderTableViewCell.xib */; };
		11EB8D301F8D4CAE00D0FDE4 /* Poppins-Black.ttf in Resources */ = {isa = PBXBuildFile; fileRef = 11EB8D1D1F8D4C8700D0FDE4 /* Poppins-Black.ttf */; };
		11EB8D311F8D4CAE00D0FDE4 /* Poppins-BlackItalic.ttf in Resources */ = {isa = PBXBuildFile; fileRef = 11EB8D1E1F8D4C8700D0FDE4 /* Poppins-BlackItalic.ttf */; };
		11EB8D321F8D4CAE00D0FDE4 /* Poppins-Bold.ttf in Resources */ = {isa = PBXBuildFile; fileRef = 11EB8D1F1F8D4C8700D0FDE4 /* Poppins-Bold.ttf */; };
		11EB8D331F8D4CAE00D0FDE4 /* Poppins-BoldItalic.ttf in Resources */ = {isa = PBXBuildFile; fileRef = 11EB8D201F8D4C8700D0FDE4 /* Poppins-BoldItalic.ttf */; };
		11EB8D341F8D4CAE00D0FDE4 /* Poppins-ExtraBold.ttf in Resources */ = {isa = PBXBuildFile; fileRef = 11EB8D211F8D4C8700D0FDE4 /* Poppins-ExtraBold.ttf */; };
		11EB8D351F8D4CAE00D0FDE4 /* Poppins-ExtraBoldItalic.ttf in Resources */ = {isa = PBXBuildFile; fileRef = 11EB8D221F8D4C8700D0FDE4 /* Poppins-ExtraBoldItalic.ttf */; };
		11EB8D361F8D4CAE00D0FDE4 /* Poppins-ExtraLight.ttf in Resources */ = {isa = PBXBuildFile; fileRef = 11EB8D231F8D4C8700D0FDE4 /* Poppins-ExtraLight.ttf */; };
		11EB8D371F8D4CAE00D0FDE4 /* Poppins-ExtraLightItalic.ttf in Resources */ = {isa = PBXBuildFile; fileRef = 11EB8D241F8D4C8700D0FDE4 /* Poppins-ExtraLightItalic.ttf */; };
		11EB8D381F8D4CAE00D0FDE4 /* Poppins-Italic.ttf in Resources */ = {isa = PBXBuildFile; fileRef = 11EB8D251F8D4C8700D0FDE4 /* Poppins-Italic.ttf */; };
		11EB8D391F8D4CAE00D0FDE4 /* Poppins-Light.ttf in Resources */ = {isa = PBXBuildFile; fileRef = 11EB8D261F8D4C8700D0FDE4 /* Poppins-Light.ttf */; };
		11EB8D3A1F8D4CAE00D0FDE4 /* Poppins-LightItalic.ttf in Resources */ = {isa = PBXBuildFile; fileRef = 11EB8D271F8D4C8700D0FDE4 /* Poppins-LightItalic.ttf */; };
		11EB8D3B1F8D4CAE00D0FDE4 /* Poppins-Medium.ttf in Resources */ = {isa = PBXBuildFile; fileRef = 11EB8D281F8D4C8700D0FDE4 /* Poppins-Medium.ttf */; };
		11EB8D3C1F8D4CAE00D0FDE4 /* Poppins-MediumItalic.ttf in Resources */ = {isa = PBXBuildFile; fileRef = 11EB8D291F8D4C8700D0FDE4 /* Poppins-MediumItalic.ttf */; };
		11EB8D3D1F8D4CAE00D0FDE4 /* Poppins-Regular.ttf in Resources */ = {isa = PBXBuildFile; fileRef = 11EB8D2A1F8D4C8700D0FDE4 /* Poppins-Regular.ttf */; };
		11EB8D3E1F8D4CAE00D0FDE4 /* Poppins-SemiBold.ttf in Resources */ = {isa = PBXBuildFile; fileRef = 11EB8D2B1F8D4C8700D0FDE4 /* Poppins-SemiBold.ttf */; };
		11EB8D3F1F8D4CAE00D0FDE4 /* Poppins-SemiBoldItalic.ttf in Resources */ = {isa = PBXBuildFile; fileRef = 11EB8D2C1F8D4C8700D0FDE4 /* Poppins-SemiBoldItalic.ttf */; };
		11EB8D401F8D4CAE00D0FDE4 /* Poppins-Thin.ttf in Resources */ = {isa = PBXBuildFile; fileRef = 11EB8D2D1F8D4C8700D0FDE4 /* Poppins-Thin.ttf */; };
		11EB8D411F8D4CAE00D0FDE4 /* Poppins-ThinItalic.ttf in Resources */ = {isa = PBXBuildFile; fileRef = 11EB8D2E1F8D4C8700D0FDE4 /* Poppins-ThinItalic.ttf */; };
		11EC27381FCF45090046699C /* MBContactUsViewController.swift in Sources */ = {isa = PBXBuildFile; fileRef = 11EC27371FCF45090046699C /* MBContactUsViewController.swift */; };
		11EE3E131FBB2672007918C6 /* RecuperarSenhaViewController.swift in Sources */ = {isa = PBXBuildFile; fileRef = 11EE3E121FBB2672007918C6 /* RecuperarSenhaViewController.swift */; };
		11EE3E151FBB2933007918C6 /* PrimeiroLoginViewController.swift in Sources */ = {isa = PBXBuildFile; fileRef = 11EE3E141FBB2933007918C6 /* PrimeiroLoginViewController.swift */; };
		11EE3E181FBB5CB5007918C6 /* MobiliteeProvider.swift in Sources */ = {isa = PBXBuildFile; fileRef = 11EE3E171FBB5CB5007918C6 /* MobiliteeProvider.swift */; };
		11EE3E1A1FBB6005007918C6 /* MBLocation.swift in Sources */ = {isa = PBXBuildFile; fileRef = 11EE3E191FBB6005007918C6 /* MBLocation.swift */; };
		11EE3E1C1FBB6150007918C6 /* MBDevice.swift in Sources */ = {isa = PBXBuildFile; fileRef = 11EE3E1B1FBB6150007918C6 /* MBDevice.swift */; };
		11EE3E1F1FBB662A007918C6 /* MBAddress.swift in Sources */ = {isa = PBXBuildFile; fileRef = 11EE3E1E1FBB662A007918C6 /* MBAddress.swift */; };
		11EE3E231FBB86D0007918C6 /* MBUser.swift in Sources */ = {isa = PBXBuildFile; fileRef = 11EE3E221FBB86D0007918C6 /* MBUser.swift */; };
		396014131FE2021B00A5207D /* MBFeedback.swift in Sources */ = {isa = PBXBuildFile; fileRef = 396014121FE2021B00A5207D /* MBFeedback.swift */; };
		6C001FFD1FEAEBA100B5AA49 /* MBUnauthorizedUser.swift in Sources */ = {isa = PBXBuildFile; fileRef = 6C001FFC1FEAEBA100B5AA49 /* MBUnauthorizedUser.swift */; };
		6C6258891FDB1A9A003C6B2E /* MBUserInside.swift in Sources */ = {isa = PBXBuildFile; fileRef = 6C6258881FDB1A9A003C6B2E /* MBUserInside.swift */; };
		6C7B5A2D1FD96DC800207F66 /* TaxiManagerTests.swift in Sources */ = {isa = PBXBuildFile; fileRef = 6C7B5A2C1FD96DC800207F66 /* TaxiManagerTests.swift */; };
		6C7B5A3B1FD96DD200207F66 /* TaxiManagerUITests.swift in Sources */ = {isa = PBXBuildFile; fileRef = 6C7B5A3A1FD96DD200207F66 /* TaxiManagerUITests.swift */; };
		6C7B5A431FD9765700207F66 /* MBContactViewcontroller.swift in Sources */ = {isa = PBXBuildFile; fileRef = 6C7B5A421FD9765700207F66 /* MBContactViewcontroller.swift */; };
		6C7B5A451FD9804E00207F66 /* MBInitialViewViewController.swift in Sources */ = {isa = PBXBuildFile; fileRef = 6C7B5A441FD9804E00207F66 /* MBInitialViewViewController.swift */; };
		6C7B5A471FD988EA00207F66 /* MBPlayeyChoose.swift in Sources */ = {isa = PBXBuildFile; fileRef = 6C7B5A461FD988EA00207F66 /* MBPlayeyChoose.swift */; };
		6CF95D791FFE6572009090C7 /* MBSobreOAppViewController.swift in Sources */ = {isa = PBXBuildFile; fileRef = 6CF95D781FFE6572009090C7 /* MBSobreOAppViewController.swift */; };
		6CF95D7C1FFEAC84009090C7 /* DiskStatus.swift in Sources */ = {isa = PBXBuildFile; fileRef = 6CF95D7B1FFEAC84009090C7 /* DiskStatus.swift */; };
/* End PBXBuildFile section */

/* Begin PBXContainerItemProxy section */
		6C7B5A2F1FD96DC800207F66 /* PBXContainerItemProxy */ = {
			isa = PBXContainerItemProxy;
			containerPortal = 112830A51F884E3C000972CB /* Project object */;
			proxyType = 1;
			remoteGlobalIDString = 112830AC1F884E3C000972CB;
			remoteInfo = TaxiManager;
		};
		6C7B5A3D1FD96DD200207F66 /* PBXContainerItemProxy */ = {
			isa = PBXContainerItemProxy;
			containerPortal = 112830A51F884E3C000972CB /* Project object */;
			proxyType = 1;
			remoteGlobalIDString = 112830AC1F884E3C000972CB;
			remoteInfo = TaxiManager;
		};
/* End PBXContainerItemProxy section */

/* Begin PBXFileReference section */
		1117BBF31FA7D1750043146D /* TMHistoricoVerMaisCell.swift */ = {isa = PBXFileReference; lastKnownFileType = sourcecode.swift; path = TMHistoricoVerMaisCell.swift; sourceTree = "<group>"; };
		1117BBF41FA7D1750043146D /* TMHistoricoVerMaisCell.xib */ = {isa = PBXFileReference; lastKnownFileType = file.xib; path = TMHistoricoVerMaisCell.xib; sourceTree = "<group>"; };
		111C30FE1F8B067500EF37E3 /* TMTelaBuscaViewController.swift */ = {isa = PBXFileReference; lastKnownFileType = sourcecode.swift; path = TMTelaBuscaViewController.swift; sourceTree = "<group>"; };
		111FB5E01FBF3A5000578185 /* MBRide.swift */ = {isa = PBXFileReference; lastKnownFileType = sourcecode.swift; path = MBRide.swift; sourceTree = "<group>"; };
		111FB5E21FBF67C300578185 /* MBSearchResult.swift */ = {isa = PBXFileReference; lastKnownFileType = sourcecode.swift; path = MBSearchResult.swift; sourceTree = "<group>"; };
		112830AD1F884E3C000972CB /* TaxiManager.app */ = {isa = PBXFileReference; explicitFileType = wrapper.application; includeInIndex = 0; path = TaxiManager.app; sourceTree = BUILT_PRODUCTS_DIR; };
		112830B01F884E3C000972CB /* AppDelegate.swift */ = {isa = PBXFileReference; lastKnownFileType = sourcecode.swift; path = AppDelegate.swift; sourceTree = "<group>"; };
		112830B51F884E3C000972CB /* Base */ = {isa = PBXFileReference; lastKnownFileType = file.storyboard; name = Base; path = Base.lproj/Main.storyboard; sourceTree = "<group>"; };
		112830BA1F884E3C000972CB /* Base */ = {isa = PBXFileReference; lastKnownFileType = file.storyboard; name = Base; path = Base.lproj/LaunchScreen.storyboard; sourceTree = "<group>"; };
		112830BC1F884E3C000972CB /* Info.plist */ = {isa = PBXFileReference; lastKnownFileType = text.plist.xml; path = Info.plist; sourceTree = "<group>"; };
		113A4EE81FBDFFB5005D01FC /* MBBookmark.swift */ = {isa = PBXFileReference; lastKnownFileType = sourcecode.swift; path = MBBookmark.swift; sourceTree = "<group>"; };
		113A4EEA1FBE01C8005D01FC /* MBPoi.swift */ = {isa = PBXFileReference; lastKnownFileType = sourcecode.swift; path = MBPoi.swift; sourceTree = "<group>"; };
		1156BB471FA7C3D300C2DF4F /* TMHistoricoViewController.swift */ = {isa = PBXFileReference; lastKnownFileType = sourcecode.swift; path = TMHistoricoViewController.swift; sourceTree = "<group>"; };
		1156BB4A1FA7C89100C2DF4F /* TMHistoricoViewCell.swift */ = {isa = PBXFileReference; lastKnownFileType = sourcecode.swift; path = TMHistoricoViewCell.swift; sourceTree = "<group>"; };
		1156BB4B1FA7C89100C2DF4F /* TMHistoricoViewCell.xib */ = {isa = PBXFileReference; lastKnownFileType = file.xib; path = TMHistoricoViewCell.xib; sourceTree = "<group>"; };
		116D1AD41FCDB5B600B0A477 /* GoogleService-Info.plist */ = {isa = PBXFileReference; fileEncoding = 4; lastKnownFileType = text.plist.xml; path = "GoogleService-Info.plist"; sourceTree = "<group>"; };
		1177FBD41FA9A03000439913 /* TMBuscaEnderecoCell.swift */ = {isa = PBXFileReference; lastKnownFileType = sourcecode.swift; path = TMBuscaEnderecoCell.swift; sourceTree = "<group>"; };
		1177FBD51FA9A03000439913 /* TMBuscaEnderecoCell.xib */ = {isa = PBXFileReference; lastKnownFileType = file.xib; path = TMBuscaEnderecoCell.xib; sourceTree = "<group>"; };
		1177FBD91FA9A55C00439913 /* MBFavoritosViewController.swift */ = {isa = PBXFileReference; lastKnownFileType = sourcecode.swift; name = MBFavoritosViewController.swift; path = ../MBFavoritosViewController.swift; sourceTree = "<group>"; };
		1177FBDB1FA9A8F100439913 /* Assets.xcassets */ = {isa = PBXFileReference; lastKnownFileType = folder.assetcatalog; path = Assets.xcassets; sourceTree = "<group>"; };
		1177FBDD1FA9A92700439913 /* TMFavoritosCell.swift */ = {isa = PBXFileReference; lastKnownFileType = sourcecode.swift; path = TMFavoritosCell.swift; sourceTree = "<group>"; };
		1177FBDE1FA9A92800439913 /* TMFavoritosCell.xib */ = {isa = PBXFileReference; lastKnownFileType = file.xib; path = TMFavoritosCell.xib; sourceTree = "<group>"; };
		117DBA9F1FA24FA800A303E6 /* CustomUI.swift */ = {isa = PBXFileReference; lastKnownFileType = sourcecode.swift; path = CustomUI.swift; sourceTree = "<group>"; };
		117E24851F963DF90041DCB6 /* TMResultadoBuscaCell.swift */ = {isa = PBXFileReference; lastKnownFileType = sourcecode.swift; path = TMResultadoBuscaCell.swift; sourceTree = "<group>"; };
		117E24861F963DF90041DCB6 /* TMResultadoBuscaCell.xib */ = {isa = PBXFileReference; lastKnownFileType = file.xib; path = TMResultadoBuscaCell.xib; sourceTree = "<group>"; };
		118347881FA27C3400DB3C55 /* MBMenuLateralViewController.swift */ = {isa = PBXFileReference; lastKnownFileType = sourcecode.swift; path = MBMenuLateralViewController.swift; sourceTree = "<group>"; };
		119847941FB22F0700560E76 /* MBFavoritosAdicionarViewController.swift */ = {isa = PBXFileReference; lastKnownFileType = sourcecode.swift; path = MBFavoritosAdicionarViewController.swift; sourceTree = "<group>"; };
		119BCD191F97A366004D92CB /* Alamofire.framework */ = {isa = PBXFileReference; explicitFileType = wrapper.framework; path = Alamofire.framework; sourceTree = BUILT_PRODUCTS_DIR; };
		119BCD1B1F97A395004D92CB /* SwiftSpinner.framework */ = {isa = PBXFileReference; explicitFileType = wrapper.framework; path = SwiftSpinner.framework; sourceTree = BUILT_PRODUCTS_DIR; };
		119BCD1D1F97A3FE004D92CB /* SideMenu.framework */ = {isa = PBXFileReference; explicitFileType = wrapper.framework; path = SideMenu.framework; sourceTree = BUILT_PRODUCTS_DIR; };
		11A552501F993F03006F9AB6 /* MBLoginViewController.swift */ = {isa = PBXFileReference; lastKnownFileType = sourcecode.swift; path = MBLoginViewController.swift; sourceTree = "<group>"; };
		11BB9DC81FC749D600C60E9F /* MBTravel.swift */ = {isa = PBXFileReference; lastKnownFileType = sourcecode.swift; path = MBTravel.swift; sourceTree = "<group>"; };
		11CBD0E11FCE1F10004F507B /* TaxiManager.entitlements */ = {isa = PBXFileReference; lastKnownFileType = text.plist.entitlements; path = TaxiManager.entitlements; sourceTree = "<group>"; };
		11D5DBA51FD07D6400330AA9 /* TaxiManager-Bridging-Header.h */ = {isa = PBXFileReference; lastKnownFileType = sourcecode.c.h; path = "TaxiManager-Bridging-Header.h"; sourceTree = "<group>"; };
		11D5DBA61FD07D6500330AA9 /* Reachability.h */ = {isa = PBXFileReference; fileEncoding = 4; lastKnownFileType = sourcecode.c.h; path = Reachability.h; sourceTree = "<group>"; };
		11D5DBA71FD07D6500330AA9 /* Reachability.m */ = {isa = PBXFileReference; fileEncoding = 4; lastKnownFileType = sourcecode.c.objc; path = Reachability.m; sourceTree = "<group>"; };
		11DB571A1FA112B700A39486 /* Extensions.swift */ = {isa = PBXFileReference; lastKnownFileType = sourcecode.swift; path = Extensions.swift; sourceTree = "<group>"; };
		11E88D1B1FA8D2C100C11196 /* MBBuscaEnderecoViewController.swift */ = {isa = PBXFileReference; lastKnownFileType = sourcecode.swift; path = MBBuscaEnderecoViewController.swift; sourceTree = "<group>"; };
		11E88D1D1FA8E8B200C11196 /* TMCustomTableViewHeaderTableViewCell.swift */ = {isa = PBXFileReference; lastKnownFileType = sourcecode.swift; path = TMCustomTableViewHeaderTableViewCell.swift; sourceTree = "<group>"; };
		11E88D1E1FA8E8B200C11196 /* TMCustomTableViewHeaderTableViewCell.xib */ = {isa = PBXFileReference; lastKnownFileType = file.xib; path = TMCustomTableViewHeaderTableViewCell.xib; sourceTree = "<group>"; };
		11EB8D1C1F8D4C8700D0FDE4 /* OFL.txt */ = {isa = PBXFileReference; lastKnownFileType = text; path = OFL.txt; sourceTree = "<group>"; };
		11EB8D1D1F8D4C8700D0FDE4 /* Poppins-Black.ttf */ = {isa = PBXFileReference; lastKnownFileType = file; path = "Poppins-Black.ttf"; sourceTree = "<group>"; };
		11EB8D1E1F8D4C8700D0FDE4 /* Poppins-BlackItalic.ttf */ = {isa = PBXFileReference; lastKnownFileType = file; path = "Poppins-BlackItalic.ttf"; sourceTree = "<group>"; };
		11EB8D1F1F8D4C8700D0FDE4 /* Poppins-Bold.ttf */ = {isa = PBXFileReference; lastKnownFileType = file; path = "Poppins-Bold.ttf"; sourceTree = "<group>"; };
		11EB8D201F8D4C8700D0FDE4 /* Poppins-BoldItalic.ttf */ = {isa = PBXFileReference; lastKnownFileType = file; path = "Poppins-BoldItalic.ttf"; sourceTree = "<group>"; };
		11EB8D211F8D4C8700D0FDE4 /* Poppins-ExtraBold.ttf */ = {isa = PBXFileReference; lastKnownFileType = file; path = "Poppins-ExtraBold.ttf"; sourceTree = "<group>"; };
		11EB8D221F8D4C8700D0FDE4 /* Poppins-ExtraBoldItalic.ttf */ = {isa = PBXFileReference; lastKnownFileType = file; path = "Poppins-ExtraBoldItalic.ttf"; sourceTree = "<group>"; };
		11EB8D231F8D4C8700D0FDE4 /* Poppins-ExtraLight.ttf */ = {isa = PBXFileReference; lastKnownFileType = file; path = "Poppins-ExtraLight.ttf"; sourceTree = "<group>"; };
		11EB8D241F8D4C8700D0FDE4 /* Poppins-ExtraLightItalic.ttf */ = {isa = PBXFileReference; lastKnownFileType = file; path = "Poppins-ExtraLightItalic.ttf"; sourceTree = "<group>"; };
		11EB8D251F8D4C8700D0FDE4 /* Poppins-Italic.ttf */ = {isa = PBXFileReference; lastKnownFileType = file; path = "Poppins-Italic.ttf"; sourceTree = "<group>"; };
		11EB8D261F8D4C8700D0FDE4 /* Poppins-Light.ttf */ = {isa = PBXFileReference; lastKnownFileType = file; path = "Poppins-Light.ttf"; sourceTree = "<group>"; };
		11EB8D271F8D4C8700D0FDE4 /* Poppins-LightItalic.ttf */ = {isa = PBXFileReference; lastKnownFileType = file; path = "Poppins-LightItalic.ttf"; sourceTree = "<group>"; };
		11EB8D281F8D4C8700D0FDE4 /* Poppins-Medium.ttf */ = {isa = PBXFileReference; lastKnownFileType = file; path = "Poppins-Medium.ttf"; sourceTree = "<group>"; };
		11EB8D291F8D4C8700D0FDE4 /* Poppins-MediumItalic.ttf */ = {isa = PBXFileReference; lastKnownFileType = file; path = "Poppins-MediumItalic.ttf"; sourceTree = "<group>"; };
		11EB8D2A1F8D4C8700D0FDE4 /* Poppins-Regular.ttf */ = {isa = PBXFileReference; lastKnownFileType = file; path = "Poppins-Regular.ttf"; sourceTree = "<group>"; };
		11EB8D2B1F8D4C8700D0FDE4 /* Poppins-SemiBold.ttf */ = {isa = PBXFileReference; lastKnownFileType = file; path = "Poppins-SemiBold.ttf"; sourceTree = "<group>"; };
		11EB8D2C1F8D4C8700D0FDE4 /* Poppins-SemiBoldItalic.ttf */ = {isa = PBXFileReference; lastKnownFileType = file; path = "Poppins-SemiBoldItalic.ttf"; sourceTree = "<group>"; };
		11EB8D2D1F8D4C8700D0FDE4 /* Poppins-Thin.ttf */ = {isa = PBXFileReference; lastKnownFileType = file; path = "Poppins-Thin.ttf"; sourceTree = "<group>"; };
		11EB8D2E1F8D4C8700D0FDE4 /* Poppins-ThinItalic.ttf */ = {isa = PBXFileReference; lastKnownFileType = file; path = "Poppins-ThinItalic.ttf"; sourceTree = "<group>"; };
		11EC27371FCF45090046699C /* MBContactUsViewController.swift */ = {isa = PBXFileReference; lastKnownFileType = sourcecode.swift; path = MBContactUsViewController.swift; sourceTree = "<group>"; };
		11EE3E121FBB2672007918C6 /* RecuperarSenhaViewController.swift */ = {isa = PBXFileReference; lastKnownFileType = sourcecode.swift; path = RecuperarSenhaViewController.swift; sourceTree = "<group>"; };
		11EE3E141FBB2933007918C6 /* PrimeiroLoginViewController.swift */ = {isa = PBXFileReference; lastKnownFileType = sourcecode.swift; path = PrimeiroLoginViewController.swift; sourceTree = "<group>"; };
		11EE3E171FBB5CB5007918C6 /* MobiliteeProvider.swift */ = {isa = PBXFileReference; lastKnownFileType = sourcecode.swift; path = MobiliteeProvider.swift; sourceTree = "<group>"; };
		11EE3E191FBB6005007918C6 /* MBLocation.swift */ = {isa = PBXFileReference; lastKnownFileType = sourcecode.swift; path = MBLocation.swift; sourceTree = "<group>"; };
		11EE3E1B1FBB6150007918C6 /* MBDevice.swift */ = {isa = PBXFileReference; lastKnownFileType = sourcecode.swift; path = MBDevice.swift; sourceTree = "<group>"; };
		11EE3E1D1FBB63E8007918C6 /* estimateSampleData.json */ = {isa = PBXFileReference; lastKnownFileType = text.json; path = estimateSampleData.json; sourceTree = "<group>"; };
		11EE3E1E1FBB662A007918C6 /* MBAddress.swift */ = {isa = PBXFileReference; lastKnownFileType = sourcecode.swift; path = MBAddress.swift; sourceTree = "<group>"; };
		11EE3E221FBB86D0007918C6 /* MBUser.swift */ = {isa = PBXFileReference; lastKnownFileType = sourcecode.swift; path = MBUser.swift; sourceTree = "<group>"; };
		23741A00D917E0F4A3FBADA6 /* Pods-TaxiManager.debug.xcconfig */ = {isa = PBXFileReference; includeInIndex = 1; lastKnownFileType = text.xcconfig; name = "Pods-TaxiManager.debug.xcconfig"; path = "Pods/Target Support Files/Pods-TaxiManager/Pods-TaxiManager.debug.xcconfig"; sourceTree = "<group>"; };
		396014121FE2021B00A5207D /* MBFeedback.swift */ = {isa = PBXFileReference; lastKnownFileType = sourcecode.swift; path = MBFeedback.swift; sourceTree = "<group>"; };
		6C001FFC1FEAEBA100B5AA49 /* MBUnauthorizedUser.swift */ = {isa = PBXFileReference; lastKnownFileType = sourcecode.swift; path = MBUnauthorizedUser.swift; sourceTree = "<group>"; };
		6C6258881FDB1A9A003C6B2E /* MBUserInside.swift */ = {isa = PBXFileReference; lastKnownFileType = sourcecode.swift; path = MBUserInside.swift; sourceTree = "<group>"; };
		6C7B5A2A1FD96DC800207F66 /* TaxiManagerTests.xctest */ = {isa = PBXFileReference; explicitFileType = wrapper.cfbundle; includeInIndex = 0; path = TaxiManagerTests.xctest; sourceTree = BUILT_PRODUCTS_DIR; };
		6C7B5A2C1FD96DC800207F66 /* TaxiManagerTests.swift */ = {isa = PBXFileReference; lastKnownFileType = sourcecode.swift; path = TaxiManagerTests.swift; sourceTree = "<group>"; };
		6C7B5A2E1FD96DC800207F66 /* Info.plist */ = {isa = PBXFileReference; lastKnownFileType = text.plist.xml; path = Info.plist; sourceTree = "<group>"; };
		6C7B5A381FD96DD200207F66 /* TaxiManagerUITests.xctest */ = {isa = PBXFileReference; explicitFileType = wrapper.cfbundle; includeInIndex = 0; path = TaxiManagerUITests.xctest; sourceTree = BUILT_PRODUCTS_DIR; };
		6C7B5A3A1FD96DD200207F66 /* TaxiManagerUITests.swift */ = {isa = PBXFileReference; lastKnownFileType = sourcecode.swift; path = TaxiManagerUITests.swift; sourceTree = "<group>"; };
		6C7B5A3C1FD96DD200207F66 /* Info.plist */ = {isa = PBXFileReference; lastKnownFileType = text.plist.xml; path = Info.plist; sourceTree = "<group>"; };
		6C7B5A421FD9765700207F66 /* MBContactViewcontroller.swift */ = {isa = PBXFileReference; fileEncoding = 4; lastKnownFileType = sourcecode.swift; path = MBContactViewcontroller.swift; sourceTree = "<group>"; };
		6C7B5A441FD9804E00207F66 /* MBInitialViewViewController.swift */ = {isa = PBXFileReference; lastKnownFileType = sourcecode.swift; path = MBInitialViewViewController.swift; sourceTree = "<group>"; };
		6C7B5A461FD988EA00207F66 /* MBPlayeyChoose.swift */ = {isa = PBXFileReference; lastKnownFileType = sourcecode.swift; path = MBPlayeyChoose.swift; sourceTree = "<group>"; };
		6CF95D781FFE6572009090C7 /* MBSobreOAppViewController.swift */ = {isa = PBXFileReference; lastKnownFileType = sourcecode.swift; path = MBSobreOAppViewController.swift; sourceTree = "<group>"; };
		6CF95D7B1FFEAC84009090C7 /* DiskStatus.swift */ = {isa = PBXFileReference; fileEncoding = 4; lastKnownFileType = sourcecode.swift; path = DiskStatus.swift; sourceTree = "<group>"; };
		85CB8ACC30F5206867D086CF /* Pods-TaxiManager.release.xcconfig */ = {isa = PBXFileReference; includeInIndex = 1; lastKnownFileType = text.xcconfig; name = "Pods-TaxiManager.release.xcconfig"; path = "Pods/Target Support Files/Pods-TaxiManager/Pods-TaxiManager.release.xcconfig"; sourceTree = "<group>"; };
		EB9C0688FB86992E2886AE4A /* Pods_TaxiManager.framework */ = {isa = PBXFileReference; explicitFileType = wrapper.framework; includeInIndex = 0; path = Pods_TaxiManager.framework; sourceTree = BUILT_PRODUCTS_DIR; };
/* End PBXFileReference section */

/* Begin PBXFrameworksBuildPhase section */
		112830AA1F884E3C000972CB /* Frameworks */ = {
			isa = PBXFrameworksBuildPhase;
			buildActionMask = 2147483647;
			files = (
				119BCD1C1F97A3FE004D92CB /* SideMenu.framework in Frameworks */,
				119BCD1A1F97A395004D92CB /* SwiftSpinner.framework in Frameworks */,
				119BCD181F97A366004D92CB /* Alamofire.framework in Frameworks */,
				0FCDA2A72DB0EBA0C3F633F5 /* Pods_TaxiManager.framework in Frameworks */,
			);
			runOnlyForDeploymentPostprocessing = 0;
		};
		6C7B5A271FD96DC800207F66 /* Frameworks */ = {
			isa = PBXFrameworksBuildPhase;
			buildActionMask = 2147483647;
			files = (
			);
			runOnlyForDeploymentPostprocessing = 0;
		};
		6C7B5A351FD96DD200207F66 /* Frameworks */ = {
			isa = PBXFrameworksBuildPhase;
			buildActionMask = 2147483647;
			files = (
			);
			runOnlyForDeploymentPostprocessing = 0;
		};
/* End PBXFrameworksBuildPhase section */

/* Begin PBXGroup section */
		112830A41F884E3C000972CB = {
			isa = PBXGroup;
			children = (
				112830AF1F884E3C000972CB /* TaxiManager */,
				6C7B5A2B1FD96DC800207F66 /* TaxiManagerTests */,
				6C7B5A391FD96DD200207F66 /* TaxiManagerUITests */,
				112830AE1F884E3C000972CB /* Products */,
				863B9278B4BAC12E60BF7D9D /* Pods */,
				CA426495C4FB85F6FDDBCA83 /* Frameworks */,
			);
			sourceTree = "<group>";
		};
		112830AE1F884E3C000972CB /* Products */ = {
			isa = PBXGroup;
			children = (
				112830AD1F884E3C000972CB /* TaxiManager.app */,
				6C7B5A2A1FD96DC800207F66 /* TaxiManagerTests.xctest */,
				6C7B5A381FD96DD200207F66 /* TaxiManagerUITests.xctest */,
			);
			name = Products;
			sourceTree = "<group>";
		};
		112830AF1F884E3C000972CB /* TaxiManager */ = {
			isa = PBXGroup;
			children = (
				6CF95D7A1FFEAC77009090C7 /* Utils */,
				11D5DBA91FD07D6C00330AA9 /* Reachability */,
				11EE3E161FBB5C93007918C6 /* Providers */,
				11E88D181FA8C6B500C11196 /* TMHistoricoVerMaisCell */,
				1156BB4E1FA7C89900C2DF4F /* TMHistoricoCell */,
				117E24891F963E0B0041DCB6 /* TMResultadoBuscaCell */,
				11E88D211FA8E8B800C11196 /* TMCustomTableViewHeaderTableCell */,
				1177FBD81FA9A03800439913 /* TMBuscaEnderecoCell */,
				1177FBE11FA9A94600439913 /* TMFavoritosCell */,
				11EB8D2F1F8D4C9200D0FDE4 /* Fonts */,
				1156BB461FA7C31D00C2DF4F /* Models */,
				1156BB491FA7C4FD00C2DF4F /* Controllers */,
				11DB571A1FA112B700A39486 /* Extensions.swift */,
				112830B01F884E3C000972CB /* AppDelegate.swift */,
				117DBA9F1FA24FA800A303E6 /* CustomUI.swift */,
				112830B41F884E3C000972CB /* Main.storyboard */,
				112830B91F884E3C000972CB /* LaunchScreen.storyboard */,
				112830BC1F884E3C000972CB /* Info.plist */,
				116D1AD41FCDB5B600B0A477 /* GoogleService-Info.plist */,
				11CBD0E11FCE1F10004F507B /* TaxiManager.entitlements */,
				11EE3E1D1FBB63E8007918C6 /* estimateSampleData.json */,
				1177FBDB1FA9A8F100439913 /* Assets.xcassets */,
				11D5DBA51FD07D6400330AA9 /* TaxiManager-Bridging-Header.h */,
			);
			path = TaxiManager;
			sourceTree = "<group>";
		};
		1156BB461FA7C31D00C2DF4F /* Models */ = {
			isa = PBXGroup;
			children = (
				11EE3E221FBB86D0007918C6 /* MBUser.swift */,
				6C6258881FDB1A9A003C6B2E /* MBUserInside.swift */,
				113A4EE81FBDFFB5005D01FC /* MBBookmark.swift */,
				113A4EEA1FBE01C8005D01FC /* MBPoi.swift */,
				11EE3E191FBB6005007918C6 /* MBLocation.swift */,
				11EE3E1E1FBB662A007918C6 /* MBAddress.swift */,
				11EE3E1B1FBB6150007918C6 /* MBDevice.swift */,
				111FB5E21FBF67C300578185 /* MBSearchResult.swift */,
				111FB5E01FBF3A5000578185 /* MBRide.swift */,
				11BB9DC81FC749D600C60E9F /* MBTravel.swift */,
				6C7B5A461FD988EA00207F66 /* MBPlayeyChoose.swift */,
				396014121FE2021B00A5207D /* MBFeedback.swift */,
				6C001FFC1FEAEBA100B5AA49 /* MBUnauthorizedUser.swift */,
			);
			path = Models;
			sourceTree = "<group>";
		};
		1156BB491FA7C4FD00C2DF4F /* Controllers */ = {
			isa = PBXGroup;
			children = (
				6C7B5A421FD9765700207F66 /* MBContactViewcontroller.swift */,
				11EC27371FCF45090046699C /* MBContactUsViewController.swift */,
				11EE3E141FBB2933007918C6 /* PrimeiroLoginViewController.swift */,
				11EE3E121FBB2672007918C6 /* RecuperarSenhaViewController.swift */,
				119847941FB22F0700560E76 /* MBFavoritosAdicionarViewController.swift */,
				1177FBD91FA9A55C00439913 /* MBFavoritosViewController.swift */,
				11E88D1B1FA8D2C100C11196 /* MBBuscaEnderecoViewController.swift */,
				11A552501F993F03006F9AB6 /* MBLoginViewController.swift */,
				111C30FE1F8B067500EF37E3 /* TMTelaBuscaViewController.swift */,
				118347881FA27C3400DB3C55 /* MBMenuLateralViewController.swift */,
				1156BB471FA7C3D300C2DF4F /* TMHistoricoViewController.swift */,
				6C7B5A441FD9804E00207F66 /* MBInitialViewViewController.swift */,
				6CF95D781FFE6572009090C7 /* MBSobreOAppViewController.swift */,
			);
			path = Controllers;
			sourceTree = "<group>";
		};
		1156BB4E1FA7C89900C2DF4F /* TMHistoricoCell */ = {
			isa = PBXGroup;
			children = (
				1156BB4A1FA7C89100C2DF4F /* TMHistoricoViewCell.swift */,
				1156BB4B1FA7C89100C2DF4F /* TMHistoricoViewCell.xib */,
			);
			path = TMHistoricoCell;
			sourceTree = "<group>";
		};
		1177FBD81FA9A03800439913 /* TMBuscaEnderecoCell */ = {
			isa = PBXGroup;
			children = (
				1177FBD41FA9A03000439913 /* TMBuscaEnderecoCell.swift */,
				1177FBD51FA9A03000439913 /* TMBuscaEnderecoCell.xib */,
			);
			path = TMBuscaEnderecoCell;
			sourceTree = "<group>";
		};
		1177FBE11FA9A94600439913 /* TMFavoritosCell */ = {
			isa = PBXGroup;
			children = (
				1177FBDD1FA9A92700439913 /* TMFavoritosCell.swift */,
				1177FBDE1FA9A92800439913 /* TMFavoritosCell.xib */,
			);
			path = TMFavoritosCell;
			sourceTree = "<group>";
		};
		117E24891F963E0B0041DCB6 /* TMResultadoBuscaCell */ = {
			isa = PBXGroup;
			children = (
				117E24851F963DF90041DCB6 /* TMResultadoBuscaCell.swift */,
				117E24861F963DF90041DCB6 /* TMResultadoBuscaCell.xib */,
			);
			path = TMResultadoBuscaCell;
			sourceTree = "<group>";
		};
		11D5DBA91FD07D6C00330AA9 /* Reachability */ = {
			isa = PBXGroup;
			children = (
				11D5DBA61FD07D6500330AA9 /* Reachability.h */,
				11D5DBA71FD07D6500330AA9 /* Reachability.m */,
			);
			path = Reachability;
			sourceTree = "<group>";
		};
		11E88D181FA8C6B500C11196 /* TMHistoricoVerMaisCell */ = {
			isa = PBXGroup;
			children = (
				1117BBF31FA7D1750043146D /* TMHistoricoVerMaisCell.swift */,
				1117BBF41FA7D1750043146D /* TMHistoricoVerMaisCell.xib */,
			);
			path = TMHistoricoVerMaisCell;
			sourceTree = "<group>";
		};
		11E88D211FA8E8B800C11196 /* TMCustomTableViewHeaderTableCell */ = {
			isa = PBXGroup;
			children = (
				11E88D1D1FA8E8B200C11196 /* TMCustomTableViewHeaderTableViewCell.swift */,
				11E88D1E1FA8E8B200C11196 /* TMCustomTableViewHeaderTableViewCell.xib */,
			);
			path = TMCustomTableViewHeaderTableCell;
			sourceTree = "<group>";
		};
		11EB8D1B1F8D4C8700D0FDE4 /* Poppins */ = {
			isa = PBXGroup;
			children = (
				11EB8D1C1F8D4C8700D0FDE4 /* OFL.txt */,
				11EB8D1D1F8D4C8700D0FDE4 /* Poppins-Black.ttf */,
				11EB8D1E1F8D4C8700D0FDE4 /* Poppins-BlackItalic.ttf */,
				11EB8D1F1F8D4C8700D0FDE4 /* Poppins-Bold.ttf */,
				11EB8D201F8D4C8700D0FDE4 /* Poppins-BoldItalic.ttf */,
				11EB8D211F8D4C8700D0FDE4 /* Poppins-ExtraBold.ttf */,
				11EB8D221F8D4C8700D0FDE4 /* Poppins-ExtraBoldItalic.ttf */,
				11EB8D231F8D4C8700D0FDE4 /* Poppins-ExtraLight.ttf */,
				11EB8D241F8D4C8700D0FDE4 /* Poppins-ExtraLightItalic.ttf */,
				11EB8D251F8D4C8700D0FDE4 /* Poppins-Italic.ttf */,
				11EB8D261F8D4C8700D0FDE4 /* Poppins-Light.ttf */,
				11EB8D271F8D4C8700D0FDE4 /* Poppins-LightItalic.ttf */,
				11EB8D281F8D4C8700D0FDE4 /* Poppins-Medium.ttf */,
				11EB8D291F8D4C8700D0FDE4 /* Poppins-MediumItalic.ttf */,
				11EB8D2A1F8D4C8700D0FDE4 /* Poppins-Regular.ttf */,
				11EB8D2B1F8D4C8700D0FDE4 /* Poppins-SemiBold.ttf */,
				11EB8D2C1F8D4C8700D0FDE4 /* Poppins-SemiBoldItalic.ttf */,
				11EB8D2D1F8D4C8700D0FDE4 /* Poppins-Thin.ttf */,
				11EB8D2E1F8D4C8700D0FDE4 /* Poppins-ThinItalic.ttf */,
			);
			path = Poppins;
			sourceTree = "<group>";
		};
		11EB8D2F1F8D4C9200D0FDE4 /* Fonts */ = {
			isa = PBXGroup;
			children = (
				11EB8D1B1F8D4C8700D0FDE4 /* Poppins */,
			);
			path = Fonts;
			sourceTree = "<group>";
		};
		11EE3E161FBB5C93007918C6 /* Providers */ = {
			isa = PBXGroup;
			children = (
				11EE3E171FBB5CB5007918C6 /* MobiliteeProvider.swift */,
			);
			path = Providers;
			sourceTree = "<group>";
		};
		6C7B5A2B1FD96DC800207F66 /* TaxiManagerTests */ = {
			isa = PBXGroup;
			children = (
				6C7B5A2C1FD96DC800207F66 /* TaxiManagerTests.swift */,
				6C7B5A2E1FD96DC800207F66 /* Info.plist */,
			);
			path = TaxiManagerTests;
			sourceTree = "<group>";
		};
		6C7B5A391FD96DD200207F66 /* TaxiManagerUITests */ = {
			isa = PBXGroup;
			children = (
				6C7B5A3A1FD96DD200207F66 /* TaxiManagerUITests.swift */,
				6C7B5A3C1FD96DD200207F66 /* Info.plist */,
			);
			path = TaxiManagerUITests;
			sourceTree = "<group>";
		};
		6CF95D7A1FFEAC77009090C7 /* Utils */ = {
			isa = PBXGroup;
			children = (
				6CF95D7B1FFEAC84009090C7 /* DiskStatus.swift */,
			);
			path = Utils;
			sourceTree = "<group>";
		};
		863B9278B4BAC12E60BF7D9D /* Pods */ = {
			isa = PBXGroup;
			children = (
				23741A00D917E0F4A3FBADA6 /* Pods-TaxiManager.debug.xcconfig */,
				85CB8ACC30F5206867D086CF /* Pods-TaxiManager.release.xcconfig */,
			);
			name = Pods;
			sourceTree = "<group>";
		};
		CA426495C4FB85F6FDDBCA83 /* Frameworks */ = {
			isa = PBXGroup;
			children = (
				119BCD1D1F97A3FE004D92CB /* SideMenu.framework */,
				119BCD1B1F97A395004D92CB /* SwiftSpinner.framework */,
				119BCD191F97A366004D92CB /* Alamofire.framework */,
				EB9C0688FB86992E2886AE4A /* Pods_TaxiManager.framework */,
			);
			name = Frameworks;
			sourceTree = "<group>";
		};
/* End PBXGroup section */

/* Begin PBXNativeTarget section */
		112830AC1F884E3C000972CB /* TaxiManager */ = {
			isa = PBXNativeTarget;
			buildConfigurationList = 112830BF1F884E3C000972CB /* Build configuration list for PBXNativeTarget "TaxiManager" */;
			buildPhases = (
				E42B1F49D4E8E887A85949E6 /* [CP] Check Pods Manifest.lock */,
				112830A91F884E3C000972CB /* Sources */,
				112830AA1F884E3C000972CB /* Frameworks */,
				112830AB1F884E3C000972CB /* Resources */,
				996F257EE5CA1C17B8528ABC /* [CP] Embed Pods Frameworks */,
				D609767AD60E54EB7D937785 /* [CP] Copy Pods Resources */,
			);
			buildRules = (
			);
			dependencies = (
			);
			name = TaxiManager;
			productName = TaxiManager;
			productReference = 112830AD1F884E3C000972CB /* TaxiManager.app */;
			productType = "com.apple.product-type.application";
		};
		6C7B5A291FD96DC800207F66 /* TaxiManagerTests */ = {
			isa = PBXNativeTarget;
			buildConfigurationList = 6C7B5A331FD96DC800207F66 /* Build configuration list for PBXNativeTarget "TaxiManagerTests" */;
			buildPhases = (
				6C7B5A261FD96DC800207F66 /* Sources */,
				6C7B5A271FD96DC800207F66 /* Frameworks */,
				6C7B5A281FD96DC800207F66 /* Resources */,
			);
			buildRules = (
			);
			dependencies = (
				6C7B5A301FD96DC800207F66 /* PBXTargetDependency */,
			);
			name = TaxiManagerTests;
			productName = TaxiManagerTests;
			productReference = 6C7B5A2A1FD96DC800207F66 /* TaxiManagerTests.xctest */;
			productType = "com.apple.product-type.bundle.unit-test";
		};
		6C7B5A371FD96DD200207F66 /* TaxiManagerUITests */ = {
			isa = PBXNativeTarget;
			buildConfigurationList = 6C7B5A3F1FD96DD200207F66 /* Build configuration list for PBXNativeTarget "TaxiManagerUITests" */;
			buildPhases = (
				6C7B5A341FD96DD200207F66 /* Sources */,
				6C7B5A351FD96DD200207F66 /* Frameworks */,
				6C7B5A361FD96DD200207F66 /* Resources */,
			);
			buildRules = (
			);
			dependencies = (
				6C7B5A3E1FD96DD200207F66 /* PBXTargetDependency */,
			);
			name = TaxiManagerUITests;
			productName = TaxiManagerUITests;
			productReference = 6C7B5A381FD96DD200207F66 /* TaxiManagerUITests.xctest */;
			productType = "com.apple.product-type.bundle.ui-testing";
		};
/* End PBXNativeTarget section */

/* Begin PBXProject section */
		112830A51F884E3C000972CB /* Project object */ = {
			isa = PBXProject;
			attributes = {
				LastSwiftUpdateCheck = 0920;
				LastUpgradeCheck = 0900;
				ORGANIZATIONNAME = "Taxi Manager";
				TargetAttributes = {
					112830AC1F884E3C000972CB = {
						CreatedOnToolsVersion = 9.0;
						LastSwiftMigration = 0910;
						ProvisioningStyle = Automatic;
						SystemCapabilities = {
							com.apple.Push = {
								enabled = 1;
							};
							com.apple.SafariKeychain = {
								enabled = 1;
							};
						};
					};
					6C7B5A291FD96DC800207F66 = {
						CreatedOnToolsVersion = 9.2;
						ProvisioningStyle = Automatic;
						TestTargetID = 112830AC1F884E3C000972CB;
					};
					6C7B5A371FD96DD200207F66 = {
						CreatedOnToolsVersion = 9.2;
						ProvisioningStyle = Automatic;
						TestTargetID = 112830AC1F884E3C000972CB;
					};
				};
			};
			buildConfigurationList = 112830A81F884E3C000972CB /* Build configuration list for PBXProject "TaxiManager" */;
			compatibilityVersion = "Xcode 8.0";
			developmentRegion = en;
			hasScannedForEncodings = 0;
			knownRegions = (
				en,
				Base,
			);
			mainGroup = 112830A41F884E3C000972CB;
			productRefGroup = 112830AE1F884E3C000972CB /* Products */;
			projectDirPath = "";
			projectRoot = "";
			targets = (
				112830AC1F884E3C000972CB /* TaxiManager */,
				6C7B5A291FD96DC800207F66 /* TaxiManagerTests */,
				6C7B5A371FD96DD200207F66 /* TaxiManagerUITests */,
			);
		};
/* End PBXProject section */

/* Begin PBXResourcesBuildPhase section */
		112830AB1F884E3C000972CB /* Resources */ = {
			isa = PBXResourcesBuildPhase;
			buildActionMask = 2147483647;
			files = (
				11EB8D361F8D4CAE00D0FDE4 /* Poppins-ExtraLight.ttf in Resources */,
				11EB8D3F1F8D4CAE00D0FDE4 /* Poppins-SemiBoldItalic.ttf in Resources */,
				11EB8D3C1F8D4CAE00D0FDE4 /* Poppins-MediumItalic.ttf in Resources */,
				11EB8D391F8D4CAE00D0FDE4 /* Poppins-Light.ttf in Resources */,
				11EB8D301F8D4CAE00D0FDE4 /* Poppins-Black.ttf in Resources */,
				11EB8D321F8D4CAE00D0FDE4 /* Poppins-Bold.ttf in Resources */,
				1177FBDC1FA9A8F500439913 /* Assets.xcassets in Resources */,
				11EB8D3D1F8D4CAE00D0FDE4 /* Poppins-Regular.ttf in Resources */,
				117E24881F963DF90041DCB6 /* TMResultadoBuscaCell.xib in Resources */,
				11EB8D331F8D4CAE00D0FDE4 /* Poppins-BoldItalic.ttf in Resources */,
				11E88D201FA8E8B200C11196 /* TMCustomTableViewHeaderTableViewCell.xib in Resources */,
				11EB8D351F8D4CAE00D0FDE4 /* Poppins-ExtraBoldItalic.ttf in Resources */,
				11EB8D401F8D4CAE00D0FDE4 /* Poppins-Thin.ttf in Resources */,
				116D1AD51FCDB5B600B0A477 /* GoogleService-Info.plist in Resources */,
				112830BB1F884E3C000972CB /* LaunchScreen.storyboard in Resources */,
				11EB8D381F8D4CAE00D0FDE4 /* Poppins-Italic.ttf in Resources */,
				11EB8D411F8D4CAE00D0FDE4 /* Poppins-ThinItalic.ttf in Resources */,
				11EB8D371F8D4CAE00D0FDE4 /* Poppins-ExtraLightItalic.ttf in Resources */,
				11EB8D3B1F8D4CAE00D0FDE4 /* Poppins-Medium.ttf in Resources */,
				1177FBE01FA9A92800439913 /* TMFavoritosCell.xib in Resources */,
				11EB8D3A1F8D4CAE00D0FDE4 /* Poppins-LightItalic.ttf in Resources */,
				11EB8D341F8D4CAE00D0FDE4 /* Poppins-ExtraBold.ttf in Resources */,
				1177FBD71FA9A03000439913 /* TMBuscaEnderecoCell.xib in Resources */,
				11EB8D311F8D4CAE00D0FDE4 /* Poppins-BlackItalic.ttf in Resources */,
				11EB8D3E1F8D4CAE00D0FDE4 /* Poppins-SemiBold.ttf in Resources */,
				1156BB4D1FA7C89100C2DF4F /* TMHistoricoViewCell.xib in Resources */,
				112830B61F884E3C000972CB /* Main.storyboard in Resources */,
				1117BBF61FA7D1750043146D /* TMHistoricoVerMaisCell.xib in Resources */,
			);
			runOnlyForDeploymentPostprocessing = 0;
		};
		6C7B5A281FD96DC800207F66 /* Resources */ = {
			isa = PBXResourcesBuildPhase;
			buildActionMask = 2147483647;
			files = (
			);
			runOnlyForDeploymentPostprocessing = 0;
		};
		6C7B5A361FD96DD200207F66 /* Resources */ = {
			isa = PBXResourcesBuildPhase;
			buildActionMask = 2147483647;
			files = (
			);
			runOnlyForDeploymentPostprocessing = 0;
		};
/* End PBXResourcesBuildPhase section */

/* Begin PBXShellScriptBuildPhase section */
		996F257EE5CA1C17B8528ABC /* [CP] Embed Pods Frameworks */ = {
			isa = PBXShellScriptBuildPhase;
			buildActionMask = 2147483647;
			files = (
			);
			inputPaths = (
				"${SRCROOT}/Pods/Target Support Files/Pods-TaxiManager/Pods-TaxiManager-frameworks.sh",
				"${BUILT_PRODUCTS_DIR}/Alamofire/Alamofire.framework",
				"${BUILT_PRODUCTS_DIR}/ExpandableCell/ExpandableCell.framework",
				"${BUILT_PRODUCTS_DIR}/GoogleToolboxForMac/GoogleToolboxForMac.framework",
				"${BUILT_PRODUCTS_DIR}/Moya/Moya.framework",
				"${BUILT_PRODUCTS_DIR}/Protobuf/Protobuf.framework",
				"${BUILT_PRODUCTS_DIR}/Result/Result.framework",
				"${BUILT_PRODUCTS_DIR}/SCLAlertView/SCLAlertView.framework",
				"${BUILT_PRODUCTS_DIR}/SideMenu/SideMenu.framework",
				"${BUILT_PRODUCTS_DIR}/SwiftSpinner/SwiftSpinner.framework",
				"${BUILT_PRODUCTS_DIR}/TextFieldEffects/TextFieldEffects.framework",
				"${BUILT_PRODUCTS_DIR}/nanopb/nanopb.framework",
			);
			name = "[CP] Embed Pods Frameworks";
			outputPaths = (
				"${TARGET_BUILD_DIR}/${FRAMEWORKS_FOLDER_PATH}/Alamofire.framework",
				"${TARGET_BUILD_DIR}/${FRAMEWORKS_FOLDER_PATH}/ExpandableCell.framework",
				"${TARGET_BUILD_DIR}/${FRAMEWORKS_FOLDER_PATH}/GoogleToolboxForMac.framework",
				"${TARGET_BUILD_DIR}/${FRAMEWORKS_FOLDER_PATH}/Moya.framework",
				"${TARGET_BUILD_DIR}/${FRAMEWORKS_FOLDER_PATH}/Protobuf.framework",
				"${TARGET_BUILD_DIR}/${FRAMEWORKS_FOLDER_PATH}/Result.framework",
				"${TARGET_BUILD_DIR}/${FRAMEWORKS_FOLDER_PATH}/SCLAlertView.framework",
				"${TARGET_BUILD_DIR}/${FRAMEWORKS_FOLDER_PATH}/SideMenu.framework",
				"${TARGET_BUILD_DIR}/${FRAMEWORKS_FOLDER_PATH}/SwiftSpinner.framework",
				"${TARGET_BUILD_DIR}/${FRAMEWORKS_FOLDER_PATH}/TextFieldEffects.framework",
				"${TARGET_BUILD_DIR}/${FRAMEWORKS_FOLDER_PATH}/nanopb.framework",
			);
			runOnlyForDeploymentPostprocessing = 0;
			shellPath = /bin/sh;
			shellScript = "\"${SRCROOT}/Pods/Target Support Files/Pods-TaxiManager/Pods-TaxiManager-frameworks.sh\"\n";
			showEnvVarsInLog = 0;
		};
		D609767AD60E54EB7D937785 /* [CP] Copy Pods Resources */ = {
			isa = PBXShellScriptBuildPhase;
			buildActionMask = 2147483647;
			files = (
			);
			inputPaths = (
				"${SRCROOT}/Pods/Target Support Files/Pods-TaxiManager/Pods-TaxiManager-resources.sh",
				"${PODS_ROOT}/GoogleMaps/Maps/Frameworks/GoogleMaps.framework/Resources/GoogleMaps.bundle",
				"${PODS_ROOT}/GooglePlaces/Frameworks/GooglePlaces.framework/Resources/GooglePlaces.bundle",
			);
			name = "[CP] Copy Pods Resources";
			outputPaths = (
				"${TARGET_BUILD_DIR}/${UNLOCALIZED_RESOURCES_FOLDER_PATH}",
			);
			runOnlyForDeploymentPostprocessing = 0;
			shellPath = /bin/sh;
			shellScript = "\"${SRCROOT}/Pods/Target Support Files/Pods-TaxiManager/Pods-TaxiManager-resources.sh\"\n";
			showEnvVarsInLog = 0;
		};
		E42B1F49D4E8E887A85949E6 /* [CP] Check Pods Manifest.lock */ = {
			isa = PBXShellScriptBuildPhase;
			buildActionMask = 2147483647;
			files = (
			);
			inputPaths = (
				"${PODS_PODFILE_DIR_PATH}/Podfile.lock",
				"${PODS_ROOT}/Manifest.lock",
			);
			name = "[CP] Check Pods Manifest.lock";
			outputPaths = (
				"$(DERIVED_FILE_DIR)/Pods-TaxiManager-checkManifestLockResult.txt",
			);
			runOnlyForDeploymentPostprocessing = 0;
			shellPath = /bin/sh;
			shellScript = "diff \"${PODS_PODFILE_DIR_PATH}/Podfile.lock\" \"${PODS_ROOT}/Manifest.lock\" > /dev/null\nif [ $? != 0 ] ; then\n    # print error to STDERR\n    echo \"error: The sandbox is not in sync with the Podfile.lock. Run 'pod install' or update your CocoaPods installation.\" >&2\n    exit 1\nfi\n# This output is used by Xcode 'outputs' to avoid re-running this script phase.\necho \"SUCCESS\" > \"${SCRIPT_OUTPUT_FILE_0}\"\n";
			showEnvVarsInLog = 0;
		};
/* End PBXShellScriptBuildPhase section */

/* Begin PBXSourcesBuildPhase section */
		112830A91F884E3C000972CB /* Sources */ = {
			isa = PBXSourcesBuildPhase;
			buildActionMask = 2147483647;
			files = (
				113A4EE91FBDFFB5005D01FC /* MBBookmark.swift in Sources */,
				111FB5E11FBF3A5000578185 /* MBRide.swift in Sources */,
				11EE3E231FBB86D0007918C6 /* MBUser.swift in Sources */,
				6C6258891FDB1A9A003C6B2E /* MBUserInside.swift in Sources */,
				11BB9DC91FC749D600C60E9F /* MBTravel.swift in Sources */,
				11E88D1F1FA8E8B200C11196 /* TMCustomTableViewHeaderTableViewCell.swift in Sources */,
				11EE3E1C1FBB6150007918C6 /* MBDevice.swift in Sources */,
				6C001FFD1FEAEBA100B5AA49 /* MBUnauthorizedUser.swift in Sources */,
				11DB571B1FA112B700A39486 /* Extensions.swift in Sources */,
				6C7B5A471FD988EA00207F66 /* MBPlayeyChoose.swift in Sources */,
				6CF95D7C1FFEAC84009090C7 /* DiskStatus.swift in Sources */,
				6C7B5A451FD9804E00207F66 /* MBInitialViewViewController.swift in Sources */,
				11EE3E151FBB2933007918C6 /* PrimeiroLoginViewController.swift in Sources */,
				112830B11F884E3C000972CB /* AppDelegate.swift in Sources */,
				396014131FE2021B00A5207D /* MBFeedback.swift in Sources */,
				117DBAA01FA24FA800A303E6 /* CustomUI.swift in Sources */,
				11E88D1C1FA8D2C100C11196 /* MBBuscaEnderecoViewController.swift in Sources */,
				1156BB481FA7C3D300C2DF4F /* TMHistoricoViewController.swift in Sources */,
				111C30FF1F8B067500EF37E3 /* TMTelaBuscaViewController.swift in Sources */,
				11A552511F993F03006F9AB6 /* MBLoginViewController.swift in Sources */,
				1156BB4C1FA7C89100C2DF4F /* TMHistoricoViewCell.swift in Sources */,
				117E24871F963DF90041DCB6 /* TMResultadoBuscaCell.swift in Sources */,
				118347891FA27C3400DB3C55 /* MBMenuLateralViewController.swift in Sources */,
				6C7B5A431FD9765700207F66 /* MBContactViewcontroller.swift in Sources */,
				11EE3E1F1FBB662A007918C6 /* MBAddress.swift in Sources */,
				111FB5E31FBF67C300578185 /* MBSearchResult.swift in Sources */,
				11EE3E181FBB5CB5007918C6 /* MobiliteeProvider.swift in Sources */,
				6CF95D791FFE6572009090C7 /* MBSobreOAppViewController.swift in Sources */,
				1177FBDF1FA9A92800439913 /* TMFavoritosCell.swift in Sources */,
				1177FBDA1FA9A55C00439913 /* MBFavoritosViewController.swift in Sources */,
				11D5DBA81FD07D6500330AA9 /* Reachability.m in Sources */,
				11EE3E131FBB2672007918C6 /* RecuperarSenhaViewController.swift in Sources */,
				119847951FB22F0700560E76 /* MBFavoritosAdicionarViewController.swift in Sources */,
				11EE3E1A1FBB6005007918C6 /* MBLocation.swift in Sources */,
				11EC27381FCF45090046699C /* MBContactUsViewController.swift in Sources */,
				113A4EEB1FBE01C8005D01FC /* MBPoi.swift in Sources */,
				1177FBD61FA9A03000439913 /* TMBuscaEnderecoCell.swift in Sources */,
				1117BBF51FA7D1750043146D /* TMHistoricoVerMaisCell.swift in Sources */,
			);
			runOnlyForDeploymentPostprocessing = 0;
		};
		6C7B5A261FD96DC800207F66 /* Sources */ = {
			isa = PBXSourcesBuildPhase;
			buildActionMask = 2147483647;
			files = (
				6C7B5A2D1FD96DC800207F66 /* TaxiManagerTests.swift in Sources */,
			);
			runOnlyForDeploymentPostprocessing = 0;
		};
		6C7B5A341FD96DD200207F66 /* Sources */ = {
			isa = PBXSourcesBuildPhase;
			buildActionMask = 2147483647;
			files = (
				6C7B5A3B1FD96DD200207F66 /* TaxiManagerUITests.swift in Sources */,
			);
			runOnlyForDeploymentPostprocessing = 0;
		};
/* End PBXSourcesBuildPhase section */

/* Begin PBXTargetDependency section */
		6C7B5A301FD96DC800207F66 /* PBXTargetDependency */ = {
			isa = PBXTargetDependency;
			target = 112830AC1F884E3C000972CB /* TaxiManager */;
			targetProxy = 6C7B5A2F1FD96DC800207F66 /* PBXContainerItemProxy */;
		};
		6C7B5A3E1FD96DD200207F66 /* PBXTargetDependency */ = {
			isa = PBXTargetDependency;
			target = 112830AC1F884E3C000972CB /* TaxiManager */;
			targetProxy = 6C7B5A3D1FD96DD200207F66 /* PBXContainerItemProxy */;
		};
/* End PBXTargetDependency section */

/* Begin PBXVariantGroup section */
		112830B41F884E3C000972CB /* Main.storyboard */ = {
			isa = PBXVariantGroup;
			children = (
				112830B51F884E3C000972CB /* Base */,
			);
			name = Main.storyboard;
			sourceTree = "<group>";
		};
		112830B91F884E3C000972CB /* LaunchScreen.storyboard */ = {
			isa = PBXVariantGroup;
			children = (
				112830BA1F884E3C000972CB /* Base */,
			);
			name = LaunchScreen.storyboard;
			sourceTree = "<group>";
		};
/* End PBXVariantGroup section */

/* Begin XCBuildConfiguration section */
		112830BD1F884E3C000972CB /* Debug */ = {
			isa = XCBuildConfiguration;
			buildSettings = {
				ALWAYS_SEARCH_USER_PATHS = NO;
				CLANG_ANALYZER_NONNULL = YES;
				CLANG_ANALYZER_NUMBER_OBJECT_CONVERSION = YES_AGGRESSIVE;
				CLANG_CXX_LANGUAGE_STANDARD = "gnu++14";
				CLANG_CXX_LIBRARY = "libc++";
				CLANG_ENABLE_MODULES = YES;
				CLANG_ENABLE_OBJC_ARC = YES;
				CLANG_WARN_BLOCK_CAPTURE_AUTORELEASING = YES;
				CLANG_WARN_BOOL_CONVERSION = YES;
				CLANG_WARN_COMMA = YES;
				CLANG_WARN_CONSTANT_CONVERSION = YES;
				CLANG_WARN_DIRECT_OBJC_ISA_USAGE = YES_ERROR;
				CLANG_WARN_DOCUMENTATION_COMMENTS = YES;
				CLANG_WARN_EMPTY_BODY = YES;
				CLANG_WARN_ENUM_CONVERSION = YES;
				CLANG_WARN_INFINITE_RECURSION = YES;
				CLANG_WARN_INT_CONVERSION = YES;
				CLANG_WARN_NON_LITERAL_NULL_CONVERSION = YES;
				CLANG_WARN_OBJC_LITERAL_CONVERSION = YES;
				CLANG_WARN_OBJC_ROOT_CLASS = YES_ERROR;
				CLANG_WARN_RANGE_LOOP_ANALYSIS = YES;
				CLANG_WARN_STRICT_PROTOTYPES = YES;
				CLANG_WARN_SUSPICIOUS_MOVE = YES;
				CLANG_WARN_UNGUARDED_AVAILABILITY = YES_AGGRESSIVE;
				CLANG_WARN_UNREACHABLE_CODE = YES;
				CLANG_WARN__DUPLICATE_METHOD_MATCH = YES;
				CODE_SIGN_IDENTITY = "iPhone Developer";
				COPY_PHASE_STRIP = NO;
				DEBUG_INFORMATION_FORMAT = dwarf;
				ENABLE_STRICT_OBJC_MSGSEND = YES;
				ENABLE_TESTABILITY = YES;
				GCC_C_LANGUAGE_STANDARD = gnu11;
				GCC_DYNAMIC_NO_PIC = NO;
				GCC_NO_COMMON_BLOCKS = YES;
				GCC_OPTIMIZATION_LEVEL = 0;
				GCC_PREPROCESSOR_DEFINITIONS = (
					"DEBUG=1",
					"$(inherited)",
				);
				GCC_WARN_64_TO_32_BIT_CONVERSION = YES;
				GCC_WARN_ABOUT_RETURN_TYPE = YES_ERROR;
				GCC_WARN_UNDECLARED_SELECTOR = YES;
				GCC_WARN_UNINITIALIZED_AUTOS = YES_AGGRESSIVE;
				GCC_WARN_UNUSED_FUNCTION = YES;
				GCC_WARN_UNUSED_VARIABLE = YES;
				IPHONEOS_DEPLOYMENT_TARGET = 11.0;
				MTL_ENABLE_DEBUG_INFO = YES;
				ONLY_ACTIVE_ARCH = YES;
				SDKROOT = iphoneos;
				SWIFT_ACTIVE_COMPILATION_CONDITIONS = DEBUG;
				SWIFT_OPTIMIZATION_LEVEL = "-Onone";
			};
			name = Debug;
		};
		112830BE1F884E3C000972CB /* Release */ = {
			isa = XCBuildConfiguration;
			buildSettings = {
				ALWAYS_SEARCH_USER_PATHS = NO;
				CLANG_ANALYZER_NONNULL = YES;
				CLANG_ANALYZER_NUMBER_OBJECT_CONVERSION = YES_AGGRESSIVE;
				CLANG_CXX_LANGUAGE_STANDARD = "gnu++14";
				CLANG_CXX_LIBRARY = "libc++";
				CLANG_ENABLE_MODULES = YES;
				CLANG_ENABLE_OBJC_ARC = YES;
				CLANG_WARN_BLOCK_CAPTURE_AUTORELEASING = YES;
				CLANG_WARN_BOOL_CONVERSION = YES;
				CLANG_WARN_COMMA = YES;
				CLANG_WARN_CONSTANT_CONVERSION = YES;
				CLANG_WARN_DIRECT_OBJC_ISA_USAGE = YES_ERROR;
				CLANG_WARN_DOCUMENTATION_COMMENTS = YES;
				CLANG_WARN_EMPTY_BODY = YES;
				CLANG_WARN_ENUM_CONVERSION = YES;
				CLANG_WARN_INFINITE_RECURSION = YES;
				CLANG_WARN_INT_CONVERSION = YES;
				CLANG_WARN_NON_LITERAL_NULL_CONVERSION = YES;
				CLANG_WARN_OBJC_LITERAL_CONVERSION = YES;
				CLANG_WARN_OBJC_ROOT_CLASS = YES_ERROR;
				CLANG_WARN_RANGE_LOOP_ANALYSIS = YES;
				CLANG_WARN_STRICT_PROTOTYPES = YES;
				CLANG_WARN_SUSPICIOUS_MOVE = YES;
				CLANG_WARN_UNGUARDED_AVAILABILITY = YES_AGGRESSIVE;
				CLANG_WARN_UNREACHABLE_CODE = YES;
				CLANG_WARN__DUPLICATE_METHOD_MATCH = YES;
				CODE_SIGN_IDENTITY = "iPhone Developer";
				COPY_PHASE_STRIP = NO;
				DEBUG_INFORMATION_FORMAT = "dwarf-with-dsym";
				ENABLE_NS_ASSERTIONS = NO;
				ENABLE_STRICT_OBJC_MSGSEND = YES;
				GCC_C_LANGUAGE_STANDARD = gnu11;
				GCC_NO_COMMON_BLOCKS = YES;
				GCC_WARN_64_TO_32_BIT_CONVERSION = YES;
				GCC_WARN_ABOUT_RETURN_TYPE = YES_ERROR;
				GCC_WARN_UNDECLARED_SELECTOR = YES;
				GCC_WARN_UNINITIALIZED_AUTOS = YES_AGGRESSIVE;
				GCC_WARN_UNUSED_FUNCTION = YES;
				GCC_WARN_UNUSED_VARIABLE = YES;
				IPHONEOS_DEPLOYMENT_TARGET = 11.0;
				MTL_ENABLE_DEBUG_INFO = NO;
				SDKROOT = iphoneos;
				SWIFT_OPTIMIZATION_LEVEL = "-Owholemodule";
				VALIDATE_PRODUCT = YES;
			};
			name = Release;
		};
		112830C01F884E3C000972CB /* Debug */ = {
			isa = XCBuildConfiguration;
			baseConfigurationReference = 23741A00D917E0F4A3FBADA6 /* Pods-TaxiManager.debug.xcconfig */;
			buildSettings = {
				ASSETCATALOG_COMPILER_APPICON_NAME = AppIcon;
				CLANG_ENABLE_MODULES = YES;
				CODE_SIGN_ENTITLEMENTS = TaxiManager/TaxiManager.entitlements;
				CODE_SIGN_STYLE = Automatic;
				CURRENT_PROJECT_VERSION = 5;
				DEBUG_INFORMATION_FORMAT = "dwarf-with-dsym";
				DEVELOPMENT_TEAM = SLC3VZ7589;
				ENABLE_BITCODE = YES;
				INFOPLIST_FILE = TaxiManager/Info.plist;
				IPHONEOS_DEPLOYMENT_TARGET = 10.3;
				LD_RUNPATH_SEARCH_PATHS = "$(inherited) @executable_path/Frameworks";
				PRODUCT_BUNDLE_IDENTIFIER = br.com.mobilitee;
				PRODUCT_NAME = "$(TARGET_NAME)";
				SWIFT_OBJC_BRIDGING_HEADER = "TaxiManager/TaxiManager-Bridging-Header.h";
				SWIFT_OPTIMIZATION_LEVEL = "-Onone";
				SWIFT_VERSION = 4.0;
				TARGETED_DEVICE_FAMILY = 1;
				VERSIONING_SYSTEM = "apple-generic";
			};
			name = Debug;
		};
		112830C11F884E3C000972CB /* Release */ = {
			isa = XCBuildConfiguration;
			baseConfigurationReference = 85CB8ACC30F5206867D086CF /* Pods-TaxiManager.release.xcconfig */;
			buildSettings = {
				ASSETCATALOG_COMPILER_APPICON_NAME = AppIcon;
				CLANG_ENABLE_MODULES = YES;
				CODE_SIGN_ENTITLEMENTS = TaxiManager/TaxiManager.entitlements;
				CODE_SIGN_STYLE = Automatic;
				CURRENT_PROJECT_VERSION = 5;
				DEVELOPMENT_TEAM = SLC3VZ7589;
				ENABLE_BITCODE = YES;
				INFOPLIST_FILE = TaxiManager/Info.plist;
				IPHONEOS_DEPLOYMENT_TARGET = 10.3;
				LD_RUNPATH_SEARCH_PATHS = "$(inherited) @executable_path/Frameworks";
				PRODUCT_BUNDLE_IDENTIFIER = br.com.mobilitee;
				PRODUCT_NAME = "$(TARGET_NAME)";
				SWIFT_OBJC_BRIDGING_HEADER = "TaxiManager/TaxiManager-Bridging-Header.h";
				SWIFT_VERSION = 4.0;
				TARGETED_DEVICE_FAMILY = 1;
				VERSIONING_SYSTEM = "apple-generic";
			};
			name = Release;
		};
		6C7B5A311FD96DC800207F66 /* Debug */ = {
			isa = XCBuildConfiguration;
			buildSettings = {
				BUNDLE_LOADER = "$(TEST_HOST)";
				CODE_SIGN_STYLE = Automatic;
				INFOPLIST_FILE = TaxiManagerTests/Info.plist;
				IPHONEOS_DEPLOYMENT_TARGET = 11.2;
				LD_RUNPATH_SEARCH_PATHS = "$(inherited) @executable_path/Frameworks @loader_path/Frameworks";
				PRODUCT_BUNDLE_IDENTIFIER = Mobilitee.TaxiManagerTests;
				PRODUCT_NAME = "$(TARGET_NAME)";
				SWIFT_VERSION = 4.0;
				TARGETED_DEVICE_FAMILY = "1,2";
				TEST_HOST = "$(BUILT_PRODUCTS_DIR)/TaxiManager.app/TaxiManager";
			};
			name = Debug;
		};
		6C7B5A321FD96DC800207F66 /* Release */ = {
			isa = XCBuildConfiguration;
			buildSettings = {
				BUNDLE_LOADER = "$(TEST_HOST)";
				CODE_SIGN_STYLE = Automatic;
				INFOPLIST_FILE = TaxiManagerTests/Info.plist;
				IPHONEOS_DEPLOYMENT_TARGET = 11.2;
				LD_RUNPATH_SEARCH_PATHS = "$(inherited) @executable_path/Frameworks @loader_path/Frameworks";
				PRODUCT_BUNDLE_IDENTIFIER = Mobilitee.TaxiManagerTests;
				PRODUCT_NAME = "$(TARGET_NAME)";
				SWIFT_VERSION = 4.0;
				TARGETED_DEVICE_FAMILY = "1,2";
				TEST_HOST = "$(BUILT_PRODUCTS_DIR)/TaxiManager.app/TaxiManager";
			};
			name = Release;
		};
		6C7B5A401FD96DD200207F66 /* Debug */ = {
			isa = XCBuildConfiguration;
			buildSettings = {
				CODE_SIGN_STYLE = Automatic;
				INFOPLIST_FILE = TaxiManagerUITests/Info.plist;
				IPHONEOS_DEPLOYMENT_TARGET = 11.2;
				LD_RUNPATH_SEARCH_PATHS = "$(inherited) @executable_path/Frameworks @loader_path/Frameworks";
				PRODUCT_BUNDLE_IDENTIFIER = Mobilitee.TaxiManagerUITests;
				PRODUCT_NAME = "$(TARGET_NAME)";
				SWIFT_VERSION = 4.0;
				TARGETED_DEVICE_FAMILY = "1,2";
				TEST_TARGET_NAME = TaxiManager;
			};
			name = Debug;
		};
		6C7B5A411FD96DD200207F66 /* Release */ = {
			isa = XCBuildConfiguration;
			buildSettings = {
				CODE_SIGN_STYLE = Automatic;
				INFOPLIST_FILE = TaxiManagerUITests/Info.plist;
				IPHONEOS_DEPLOYMENT_TARGET = 11.2;
				LD_RUNPATH_SEARCH_PATHS = "$(inherited) @executable_path/Frameworks @loader_path/Frameworks";
				PRODUCT_BUNDLE_IDENTIFIER = Mobilitee.TaxiManagerUITests;
				PRODUCT_NAME = "$(TARGET_NAME)";
				SWIFT_VERSION = 4.0;
				TARGETED_DEVICE_FAMILY = "1,2";
				TEST_TARGET_NAME = TaxiManager;
			};
			name = Release;
		};
/* End XCBuildConfiguration section */

/* Begin XCConfigurationList section */
		112830A81F884E3C000972CB /* Build configuration list for PBXProject "TaxiManager" */ = {
			isa = XCConfigurationList;
			buildConfigurations = (
				112830BD1F884E3C000972CB /* Debug */,
				112830BE1F884E3C000972CB /* Release */,
			);
			defaultConfigurationIsVisible = 0;
			defaultConfigurationName = Release;
		};
		112830BF1F884E3C000972CB /* Build configuration list for PBXNativeTarget "TaxiManager" */ = {
			isa = XCConfigurationList;
			buildConfigurations = (
				112830C01F884E3C000972CB /* Debug */,
				112830C11F884E3C000972CB /* Release */,
			);
			defaultConfigurationIsVisible = 0;
			defaultConfigurationName = Release;
		};
		6C7B5A331FD96DC800207F66 /* Build configuration list for PBXNativeTarget "TaxiManagerTests" */ = {
			isa = XCConfigurationList;
			buildConfigurations = (
				6C7B5A311FD96DC800207F66 /* Debug */,
				6C7B5A321FD96DC800207F66 /* Release */,
			);
			defaultConfigurationIsVisible = 0;
			defaultConfigurationName = Release;
		};
		6C7B5A3F1FD96DD200207F66 /* Build configuration list for PBXNativeTarget "TaxiManagerUITests" */ = {
			isa = XCConfigurationList;
			buildConfigurations = (
				6C7B5A401FD96DD200207F66 /* Debug */,
				6C7B5A411FD96DD200207F66 /* Release */,
			);
			defaultConfigurationIsVisible = 0;
			defaultConfigurationName = Release;
		};
/* End XCConfigurationList section */
	};
	rootObject = 112830A51F884E3C000972CB /* Project object */;
}
